{
  "name": "purescript-blessed",
  "version": "1.0.0",
  "lockfileVersion": 3,
  "requires": true,
  "packages": {
    "": {
      "name": "purescript-blessed",
      "version": "1.0.0",
      "license": "ISC",
      "dependencies": {
        "reblessed": "^0.2.1",
        "terminal-size": "^4.0.0"
      }
    },
    "node_modules/reblessed": {
      "version": "0.2.1",
      "resolved": "https://registry.npmjs.org/reblessed/-/reblessed-0.2.1.tgz",
      "integrity": "sha512-L2/u0PpF18T8YKc5EiwnY8/+YNBR2DOtbb45H8AvgtxYzU64Xr7D1lI+rjZ8hNHHAK40n99lGmU3wvxat8L89Q==",
      "bin": {
        "reblessed": "bin/tput.js"
      },
      "engines": {
        "node": ">= 8.10"
      }
    },
    "node_modules/terminal-size": {
      "version": "4.0.0",
      "resolved": "https://registry.npmjs.org/terminal-size/-/terminal-size-4.0.0.tgz",
      "integrity": "sha512-rcdty1xZ2/BkWa4ANjWRp4JGpda2quksXIHgn5TMjNBPZfwzJIgR68DKfSYiTL+CZWowDX/sbOo5ME/FRURvYQ==",
      "engines": {
        "node": ">=18"
      },
      "funding": {
        "url": "https://github.com/sponsors/sindresorhus"
      }
    }
  }
}
